
Microsoft Visual Studio Solution File, Format Version 12.00
# Visual Studio Version 17
VisualStudioVersion = 17.14.36518.9 d17.14
MinimumVisualStudioVersion = 10.0.40219.1
Project("{FAE04EC0-301F-11D3-BF4B-00C04F79EFBC}") = "BuyMyHouse.Api", "ByMyHouse.Api\BuyMyHouse.Api.csproj", "{9A432C2C-A481-4FAC-B645-D39E177B68DE}"
EndProject
Project("{FAE04EC0-301F-11D3-BF4B-00C04F79EFBC}") = "BuyMyHouse.Functions", "BuyMyHouse.Functions\BuyMyHouse.Functions.csproj", "{5C3BBFAC-BF97-4C84-90C4-3ADB357FAE17}"
EndProject
Global
	GlobalSection(SolutionConfigurationPlatforms) = preSolution
		Debug|Any CPU = Debug|Any CPU
		Release|Any CPU = Release|Any CPU
	EndGlobalSection
	GlobalSection(ProjectConfigurationPlatforms) = postSolution
		{9A432C2C-A481-4FAC-B645-D39E177B68DE}.Debug|Any CPU.ActiveCfg = Debug|Any CPU
		{9A432C2C-A481-4FAC-B645-D39E177B68DE}.Debug|Any CPU.Build.0 = Debug|Any CPU
		{9A432C2C-A481-4FAC-B645-D39E177B68DE}.Release|Any CPU.ActiveCfg = Release|Any CPU
		{9A432C2C-A481-4FAC-B645-D39E177B68DE}.Release|Any CPU.Build.0 = Release|Any CPU
		{5C3BBFAC-BF97-4C84-90C4-3ADB357FAE17}.Debug|Any CPU.ActiveCfg = Debug|Any CPU
		{5C3BBFAC-BF97-4C84-90C4-3ADB357FAE17}.Debug|Any CPU.Build.0 = Debug|Any CPU
		{5C3BBFAC-BF97-4C84-90C4-3ADB357FAE17}.Release|Any CPU.ActiveCfg = Release|Any CPU
		{5C3BBFAC-BF97-4C84-90C4-3ADB357FAE17}.Release|Any CPU.Build.0 = Release|Any CPU
	EndGlobalSection
	GlobalSection(SolutionProperties) = preSolution
		HideSolutionNode = FALSE
	EndGlobalSection
	GlobalSection(ExtensibilityGlobals) = postSolution
		SolutionGuid = {F3F8189A-1888-482A-9FCF-3EDFCBCCA016}
	EndGlobalSection
EndGlobal
